
Microsoft Visual Studio Solution File, Format Version 12.00
# Visual Studio Version 17
VisualStudioVersion = 17.0.31903.59
MinimumVisualStudioVersion = 10.0.40219.1
Project("{FAE04EC0-301F-11D3-BF4B-00C04F79EFBC}") = "Test", "Test\Test.csproj", "{A31D47AA-038D-478C-AA1E-BB6E1A1A05C8}"
EndProject
Project("{FAE04EC0-301F-11D3-BF4B-00C04F79EFBC}") = "sylais", "App\sylais.csproj", "{6527FFD1-79F1-43B0-85FC-F40B8C4AC0A2}"
EndProject
Global
	GlobalSection(SolutionConfigurationPlatforms) = preSolution
		Debug|Any CPU = Debug|Any CPU
		Release|Any CPU = Release|Any CPU
	EndGlobalSection
	GlobalSection(SolutionProperties) = preSolution
		HideSolutionNode = FALSE
	EndGlobalSection
	GlobalSection(ProjectConfigurationPlatforms) = postSolution
		{A31D47AA-038D-478C-AA1E-BB6E1A1A05C8}.Debug|Any CPU.ActiveCfg = Debug|Any CPU
		{A31D47AA-038D-478C-AA1E-BB6E1A1A05C8}.Debug|Any CPU.Build.0 = Debug|Any CPU
		{A31D47AA-038D-478C-AA1E-BB6E1A1A05C8}.Release|Any CPU.ActiveCfg = Release|Any CPU
		{A31D47AA-038D-478C-AA1E-BB6E1A1A05C8}.Release|Any CPU.Build.0 = Release|Any CPU
		{6527FFD1-79F1-43B0-85FC-F40B8C4AC0A2}.Debug|Any CPU.ActiveCfg = Debug|Any CPU
		{6527FFD1-79F1-43B0-85FC-F40B8C4AC0A2}.Debug|Any CPU.Build.0 = Debug|Any CPU
		{6527FFD1-79F1-43B0-85FC-F40B8C4AC0A2}.Release|Any CPU.ActiveCfg = Release|Any CPU
		{6527FFD1-79F1-43B0-85FC-F40B8C4AC0A2}.Release|Any CPU.Build.0 = Release|Any CPU
	EndGlobalSection
EndGlobal
